<?xml version="1.0" encoding="UTF-8" standalone="yes" ?>
<CodeBlocks_project_file>
	<FileVersion major="1" minor="6" />
	<Project>
		<Option title="owman" />
		<Option pch_mode="2" />
		<Option compiler="gcc" />
		<Build>
			<Target title="Debug">
				<Option output="../bin/Debug/owman" prefix_auto="1" extension_auto="1" />
				<Option working_dir="../bin" />
				<Option object_output="obj/Debug/" />
				<Option type="1" />
				<Option compiler="gcc" />
				<Compiler>
					<Add option="-std=c++11" />
					<Add option="-g" />
				</Compiler>
				<Linker>
					<Add option="-lSDL2" />
					<Add option="-lGL" />
					<Add option="-lGLEW" />
					<Add option="-lSOIL" />
					<Add option="-lpthread" />
					<Add option="-lboost_system" />
					<Add option="-lboost_filesystem" />
					<Add option="-lBox2D" />
				</Linker>
			</Target>
			<Target title="Release">
				<Option output="../bin/Release/owman" prefix_auto="1" extension_auto="1" />
				<Option working_dir="../bin" />
				<Option object_output="obj/Release/" />
				<Option type="1" />
				<Option compiler="gcc" />
				<Compiler>
					<Add option="-O2" />
					<Add option="-std=c++11" />
				</Compiler>
				<Linker>
					<Add option="-s" />
					<Add option="-lSDL2" />
					<Add option="-lGL" />
					<Add option="-lGLEW" />
					<Add option="-lSOIL" />
					<Add option="-lpthread" />
					<Add option="-lboost_system" />
					<Add option="-lboost_filesystem" />
					<Add option="-lBox2D" />
				</Linker>
			</Target>
			<Target title="test_regex">
				<Option output="bin/test_regex/owman" prefix_auto="1" extension_auto="1" />
				<Option working_dir="bin/test_regex/" />
				<Option object_output="obj/test_regex/" />
				<Option type="1" />
				<Option compiler="gcc" />
				<Compiler>
					<Add option="-O2" />
					<Add option="-std=c++11" />
				</Compiler>
				<Linker>
					<Add option="-s" />
				</Linker>
			</Target>
			<Target title="test_is_cell_file">
				<Option output="test_is_cell_file" prefix_auto="1" extension_auto="1" />
				<Option type="1" />
				<Option compiler="gcc" />
				<Compiler>
					<Add option="-std=c++11" />
				</Compiler>
			</Target>
			<Target title="demo_box2d">
				<Option output="demo_box2d" prefix_auto="1" extension_auto="1" />
				<Option type="0" />
				<Option compiler="gcc" />
				<Compiler>
					<Add option="-std=c++11" />
				</Compiler>
				<Linker>
					<Add option="-lSDL2" />
					<Add option="-lGL" />
					<Add option="-lGLEW" />
					<Add option="-lSOIL" />
					<Add option="-lpthread" />
					<Add option="-lboost_system" />
					<Add option="-lboost_filesystem" />
					<Add option="-lBox2D" />
					<Add option="-lsfml-graphics" />
					<Add option="-lsfml-window" />
					<Add option="-lsfml-system" />
				</Linker>
			</Target>
		</Build>
		<Compiler>
			<Add option="-Wall" />
		</Compiler>
		<Unit filename="IO/event_handler.cpp">
			<Option target="Debug" />
			<Option target="Release" />
		</Unit>
		<Unit filename="IO/event_handler.hpp">
			<Option target="Debug" />
			<Option target="Release" />
		</Unit>
		<Unit filename="cell_size.hpp">
			<Option target="Debug" />
			<Option target="Release" />
		</Unit>
		<Unit filename="demos/demo_box2d.cpp">
			<Option target="demo_box2d" />
		</Unit>
		<Unit filename="demos/test_is_cell_file.cpp">
			<Option target="test_is_cell_file" />
		</Unit>
		<Unit filename="demos/test_regex.cpp">
			<Option target="test_regex" />
		</Unit>
		<Unit filename="engine.cpp">
			<Option target="Debug" />
			<Option target="Release" />
		</Unit>
		<Unit filename="engine.hpp">
			<Option target="Debug" />
			<Option target="Release" />
		</Unit>
		<Unit filename="entity.cpp">
			<Option target="Debug" />
			<Option target="Release" />
		</Unit>
		<Unit filename="entity.hpp">
			<Option target="Debug" />
			<Option target="Release" />
		</Unit>
		<Unit filename="entity_factory.cpp">
			<Option target="Debug" />
			<Option target="Release" />
		</Unit>
		<Unit filename="entity_factory.hpp">
			<Option target="Debug" />
			<Option target="Release" />
		</Unit>
		<Unit filename="i_world_streamer.cpp">
			<Option target="Debug" />
			<Option target="Release" />
		</Unit>
		<Unit filename="i_world_streamer.hpp">
			<Option target="Debug" />
			<Option target="Release" />
		</Unit>
		<Unit filename="main.cpp">
			<Option target="Debug" />
			<Option target="Release" />
		</Unit>
		<Unit filename="main_character.cpp">
			<Option target="Debug" />
			<Option target="Release" />
		</Unit>
		<Unit filename="main_character.hpp">
			<Option target="Debug" />
			<Option target="Release" />
		</Unit>
		<Unit filename="math/aarect.cpp">
			<Option target="Debug" />
			<Option target="Release" />
		</Unit>
		<Unit filename="math/aarect.hpp">
			<Option target="Debug" />
			<Option target="Release" />
		</Unit>
		<Unit filename="math/vec2f.cpp">
			<Option target="Debug" />
			<Option target="Release" />
		</Unit>
		<Unit filename="math/vec2f.hpp">
			<Option target="Debug" />
			<Option target="Release" />
		</Unit>
		<Unit filename="math/vec2i.cpp">
			<Option target="Debug" />
			<Option target="Release" />
			<Option target="test_is_cell_file" />
		</Unit>
		<Unit filename="math/vec2i.hpp">
			<Option target="Debug" />
			<Option target="Release" />
			<Option target="test_is_cell_file" />
		</Unit>
		<Unit filename="physics/physics_box.cpp">
			<Option target="Debug" />
			<Option target="Release" />
		</Unit>
		<Unit filename="physics/physics_box.hpp">
			<Option target="Debug" />
			<Option target="Release" />
		</Unit>
		<Unit filename="physics/physics_box_factory.cpp">
			<Option target="Debug" />
			<Option target="Release" />
		</Unit>
		<Unit filename="physics/physics_box_factory.hpp">
			<Option target="Debug" />
			<Option target="Release" />
		</Unit>
		<Unit filename="physics/physics_component.cpp">
			<Option target="Debug" />
			<Option target="Release" />
		</Unit>
		<Unit filename="physics/physics_component.hpp">
			<Option target="Debug" />
			<Option target="Release" />
		</Unit>
		<Unit filename="physics/physics_system.cpp">
			<Option target="Debug" />
			<Option target="Release" />
		</Unit>
		<Unit filename="physics/physics_system.hpp">
			<Option target="Debug" />
			<Option target="Release" />
		</Unit>
		<Unit filename="renderer/animation.cpp">
			<Option target="Debug" />
			<Option target="Release" />
		</Unit>
		<Unit filename="renderer/animation.hpp">
			<Option target="Debug" />
			<Option target="Release" />
		</Unit>
		<Unit filename="renderer/animation_frame.cpp">
			<Option target="Debug" />
			<Option target="Release" />
		</Unit>
		<Unit filename="renderer/animation_frame.hpp">
			<Option target="Debug" />
			<Option target="Release" />
		</Unit>
		<Unit filename="renderer/camera.cpp">
			<Option target="Debug" />
			<Option target="Release" />
		</Unit>
		<Unit filename="renderer/camera.hpp">
			<Option target="Debug" />
			<Option target="Release" />
		</Unit>
		<Unit filename="renderer/color.hpp">
			<Option target="Debug" />
			<Option target="Release" />
		</Unit>
		<Unit filename="renderer/graphics_component.cpp">
			<Option target="Debug" />
			<Option target="Release" />
		</Unit>
		<Unit filename="renderer/graphics_component.hpp">
			<Option target="Debug" />
			<Option target="Release" />
		</Unit>
		<Unit filename="renderer/graphics_system.cpp">
			<Option target="Debug" />
			<Option target="Release" />
		</Unit>
		<Unit filename="renderer/graphics_system.hpp">
			<Option target="Debug" />
			<Option target="Release" />
		</Unit>
		<Unit filename="renderer/low_level_renderer_2d.cpp">
			<Option target="Debug" />
			<Option target="Release" />
		</Unit>
		<Unit filename="renderer/low_level_renderer_2d.hpp">
			<Option target="Debug" />
			<Option target="Release" />
		</Unit>
		<Unit filename="renderer/sprite.cpp">
			<Option target="Debug" />
			<Option target="Release" />
		</Unit>
		<Unit filename="renderer/sprite.hpp">
			<Option target="Debug" />
			<Option target="Release" />
		</Unit>
		<Unit filename="renderer/sprite_manager.cpp">
			<Option target="Debug" />
			<Option target="Release" />
		</Unit>
		<Unit filename="renderer/sprite_manager.hpp">
			<Option target="Debug" />
			<Option target="Release" />
		</Unit>
		<Unit filename="renderer/texture.hpp">
			<Option target="Debug" />
			<Option target="Release" />
		</Unit>
		<Unit filename="renderer/texture_manager.hpp">
			<Option target="Debug" />
			<Option target="Release" />
		</Unit>
		<Unit filename="resource_manager/resource.cpp">
			<Option target="Debug" />
			<Option target="Release" />
		</Unit>
		<Unit filename="resource_manager/resource.hpp">
			<Option target="Debug" />
			<Option target="Release" />
		</Unit>
		<Unit filename="resource_manager/resource_cell.cpp">
			<Option target="Debug" />
			<Option target="Release" />
		</Unit>
		<Unit filename="resource_manager/resource_cell.hpp">
			<Option target="Debug" />
			<Option target="Release" />
		</Unit>
		<Unit filename="resource_manager/resource_manager.cpp">
			<Option target="Debug" />
			<Option target="Release" />
		</Unit>
		<Unit filename="resource_manager/resource_manager.hpp">
			<Option target="Debug" />
			<Option target="Release" />
		</Unit>
		<Unit filename="resource_manager/resource_manager_templates.hpp">
			<Option target="Debug" />
			<Option target="Release" />
		</Unit>
		<Unit filename="resource_manager/resource_request.cpp">
			<Option target="Debug" />
			<Option target="Release" />
		</Unit>
		<Unit filename="resource_manager/resource_request.hpp">
			<Option target="Debug" />
			<Option target="Release" />
		</Unit>
		<Unit filename="resource_manager/resource_sprite.cpp">
			<Option target="Debug" />
			<Option target="Release" />
		</Unit>
		<Unit filename="resource_manager/resource_table.cpp">
			<Option target="Debug" />
			<Option target="Release" />
		</Unit>
		<Unit filename="resource_manager/resource_table.hpp">
			<Option target="Debug" />
			<Option target="Release" />
		</Unit>
		<Unit filename="resource_manager/resource_table_entry.cpp">
			<Option target="Debug" />
			<Option target="Release" />
		</Unit>
		<Unit filename="resource_manager/resource_table_entry.hpp">
			<Option target="Debug" />
			<Option target="Release" />
		</Unit>
		<Unit filename="resource_manager/resource_text.cpp">
			<Option target="Debug" />
			<Option target="Release" />
		</Unit>
		<Unit filename="resource_manager/resource_text.hpp">
			<Option target="Debug" />
			<Option target="Release" />
		</Unit>
		<Unit filename="resource_manager/resource_texture.cpp">
			<Option target="Debug" />
			<Option target="Release" />
		</Unit>
		<Unit filename="resource_manager/resource_texture.hpp">
			<Option target="Debug" />
			<Option target="Release" />
		</Unit>
		<Unit filename="resource_manager/work_queue.cpp">
			<Option target="Debug" />
			<Option target="Release" />
		</Unit>
		<Unit filename="resource_manager/work_queue.hpp">
			<Option target="Debug" />
			<Option target="Release" />
		</Unit>
		<Unit filename="test_world_streamer.cpp">
			<Option target="Debug" />
			<Option target="Release" />
		</Unit>
		<Unit filename="test_world_streamer.hpp">
			<Option target="Debug" />
			<Option target="Release" />
		</Unit>
		<Unit filename="util/file_to_string.cpp">
			<Option target="Debug" />
			<Option target="Release" />
		</Unit>
		<Unit filename="util/file_to_string.hpp">
			<Option target="Debug" />
			<Option target="Release" />
		</Unit>
		<Unit filename="world_cell.cpp">
			<Option target="Debug" />
			<Option target="Release" />
		</Unit>
		<Unit filename="world_cell.hpp">
			<Option target="Debug" />
			<Option target="Release" />
		</Unit>
		<Unit filename="world_streamer.cpp">
			<Option target="Debug" />
			<Option target="Release" />
		</Unit>
		<Unit filename="world_streamer.hpp">
			<Option target="Debug" />
			<Option target="Release" />
		</Unit>
		<Unit filename="world_window.cpp">
			<Option target="Debug" />
			<Option target="Release" />
		</Unit>
		<Unit filename="world_window.hpp">
			<Option target="Debug" />
			<Option target="Release" />
		</Unit>
		<Extensions>
			<envvars />
			<code_completion />
			<debugger />
			<lib_finder disable_auto="1" />
			<DoxyBlocks>
				<comment_style block="0" line="0" />
				<doxyfile_project output_directory="doc" />
				<doxyfile_build />
				<doxyfile_warnings />
				<doxyfile_output />
				<doxyfile_dot class_diagrams="1" />
				<general />
			</DoxyBlocks>
		</Extensions>
	</Project>
</CodeBlocks_project_file>
